Microsoft Visual Studio Solution File, Format Version 12.00
# Visual Studio 15
VisualStudioVersion = 15.0.26228.4
MinimumVisualStudioVersion = 10.0.40219.1
Project("{2150E333-8FDC-42A3-9474-1A3956D46DE8}") = "Src", "Src", "{647C14F5-7DF2-4A77-9A20-421516BC3274}"
EndProject
Project("{2150E333-8FDC-42A3-9474-1A3956D46DE8}") = "Solution Items", "Solution Items", "{1131A871-9664-4F6A-A991-1B819A0E74A4}"
	ProjectSection(SolutionItems) = preProject
		.editorconfig = .editorconfig
		.gitignore = .gitignore
		appveyor.yml = appveyor.yml
		nuget.config = nuget.config
		readme.md = readme.md
	EndProjectSection
EndProject
Project("{FAE04EC0-301F-11D3-BF4B-00C04F79EFBC}") = "Filehook.Abstractions", "src\Filehook.Abstractions\Filehook.Abstractions.csproj", "{D77D28C7-CB75-4CB3-8BB3-F9B0A654F91C}"
EndProject
Project("{2150E333-8FDC-42A3-9474-1A3956D46DE8}") = "Test", "Test", "{FE345C39-62B0-4BD5-826C-8AD4C79D1654}"
EndProject
Project("{FAE04EC0-301F-11D3-BF4B-00C04F79EFBC}") = "Filehook.Storages.FileSystem.Tests", "test\Filehook.Storages.FileSystem.Tests\Filehook.Storages.FileSystem.Tests.csproj", "{80990289-E848-4EBB-AB0D-2CDD8B941EF0}"
EndProject
Project("{FAE04EC0-301F-11D3-BF4B-00C04F79EFBC}") = "Filehook.Storages.FileSystem", "src\Filehook.Storages.FileSystem\Filehook.Storages.FileSystem.csproj", "{A056EAA9-9337-4181-AE01-863E42B42168}"
EndProject
Project("{FAE04EC0-301F-11D3-BF4B-00C04F79EFBC}") = "Filehook.Proccessors.Image.Abstractions", "src\Filehook.Proccessors.Image.Abstractions\Filehook.Proccessors.Image.Abstractions.csproj", "{E268CBDC-64BC-44C2-88D4-B68CE5CE4947}"
EndProject
Project("{FAE04EC0-301F-11D3-BF4B-00C04F79EFBC}") = "Filehook.Core", "src\Filehook.Core\Filehook.Core.csproj", "{D49F825B-1BCC-4B0E-80DF-A8088300C12A}"
EndProject
Project("{FAE04EC0-301F-11D3-BF4B-00C04F79EFBC}") = "Filehook.Core.Tests", "test\Filehook.Core.Tests\Filehook.Core.Tests.csproj", "{642CB992-E0D3-49AA-8D51-569376B961B7}"
EndProject
Project("{FAE04EC0-301F-11D3-BF4B-00C04F79EFBC}") = "Filehook.Proccessors.Image.Abstractions.Tests", "test\Filehook.Proccessors.Image.Abstractions.Tests\Filehook.Proccessors.Image.Abstractions.Tests.csproj", "{973C22D7-0255-47DC-A5A0-CAED03E610E7}"
EndProject
Project("{2150E333-8FDC-42A3-9474-1A3956D46DE8}") = "Sample", "Sample", "{71E8A7A2-E062-4B46-99E8-B37A3A49DBE8}"
EndProject
Project("{FAE04EC0-301F-11D3-BF4B-00C04F79EFBC}") = "Filehook.Samples.AspNetCoreMvc", "sample\Filehook.Samples.AspNetCoreMvc\Filehook.Samples.AspNetCoreMvc.csproj", "{9434BDAF-17D9-4675-AFA7-8D4A72191BAE}"
EndProject
Project("{FAE04EC0-301F-11D3-BF4B-00C04F79EFBC}") = "Filehook.Proccessors.Image.ImageSharpProccessor", "src\Filehook.Proccessors.Image.ImageSharpProccessor\Filehook.Proccessors.Image.ImageSharpProccessor.csproj", "{87EC6062-BACA-4D15-9E0C-616CDCC21837}"
EndProject
Project("{FAE04EC0-301F-11D3-BF4B-00C04F79EFBC}") = "Filehook.Proccessors.Image.ImageSharpProccessor.Tests", "test\Filehook.Proccessors.Image.ImageSharpProccessor.Tests\Filehook.Proccessors.Image.ImageSharpProccessor.Tests.csproj", "{6659E373-106D-4D33-AD95-2E79A22C7FCF}"
EndProject
Project("{FAE04EC0-301F-11D3-BF4B-00C04F79EFBC}") = "Filehook.AspNetCore.Http", "src\Filehook.AspNetCore.Http\Filehook.AspNetCore.Http.csproj", "{47C4E063-23FF-4C29-BE5E-B14A18DFAB8A}"
EndProject
Project("{FAE04EC0-301F-11D3-BF4B-00C04F79EFBC}") = "Filehook", "src\Filehook\Filehook.csproj", "{38F9AC0D-6DAD-4F38-8FFA-31020364BEE5}"
EndProject
Project("{FAE04EC0-301F-11D3-BF4B-00C04F79EFBC}") = "Filehook.DataAnnotations", "src\Filehook.DataAnnotations\Filehook.DataAnnotations.csproj", "{0ABE5E6A-3F9B-414A-8300-577E217FCD45}"
EndProject
Project("{FAE04EC0-301F-11D3-BF4B-00C04F79EFBC}") = "Filehook.Storages.S3", "src\Filehook.Storages.S3\Filehook.Storages.S3.csproj", "{F8212133-1B0C-455B-9755-1D3F60315261}"
EndProject
Global
	GlobalSection(SolutionConfigurationPlatforms) = preSolution
		Debug|Any CPU = Debug|Any CPU
		Release|Any CPU = Release|Any CPU
	EndGlobalSection
	GlobalSection(ProjectConfigurationPlatforms) = postSolution
		{D77D28C7-CB75-4CB3-8BB3-F9B0A654F91C}.Debug|Any CPU.ActiveCfg = Debug|Any CPU
		{D77D28C7-CB75-4CB3-8BB3-F9B0A654F91C}.Debug|Any CPU.Build.0 = Debug|Any CPU
		{D77D28C7-CB75-4CB3-8BB3-F9B0A654F91C}.Release|Any CPU.ActiveCfg = Release|Any CPU
		{D77D28C7-CB75-4CB3-8BB3-F9B0A654F91C}.Release|Any CPU.Build.0 = Release|Any CPU
		{80990289-E848-4EBB-AB0D-2CDD8B941EF0}.Debug|Any CPU.ActiveCfg = Debug|Any CPU
		{80990289-E848-4EBB-AB0D-2CDD8B941EF0}.Debug|Any CPU.Build.0 = Debug|Any CPU
		{80990289-E848-4EBB-AB0D-2CDD8B941EF0}.Release|Any CPU.ActiveCfg = Release|Any CPU
		{80990289-E848-4EBB-AB0D-2CDD8B941EF0}.Release|Any CPU.Build.0 = Release|Any CPU
		{A056EAA9-9337-4181-AE01-863E42B42168}.Debug|Any CPU.ActiveCfg = Debug|Any CPU
		{A056EAA9-9337-4181-AE01-863E42B42168}.Debug|Any CPU.Build.0 = Debug|Any CPU
		{A056EAA9-9337-4181-AE01-863E42B42168}.Release|Any CPU.ActiveCfg = Release|Any CPU
		{A056EAA9-9337-4181-AE01-863E42B42168}.Release|Any CPU.Build.0 = Release|Any CPU
		{E268CBDC-64BC-44C2-88D4-B68CE5CE4947}.Debug|Any CPU.ActiveCfg = Debug|Any CPU
		{E268CBDC-64BC-44C2-88D4-B68CE5CE4947}.Debug|Any CPU.Build.0 = Debug|Any CPU
		{E268CBDC-64BC-44C2-88D4-B68CE5CE4947}.Release|Any CPU.ActiveCfg = Release|Any CPU
		{E268CBDC-64BC-44C2-88D4-B68CE5CE4947}.Release|Any CPU.Build.0 = Release|Any CPU
		{D49F825B-1BCC-4B0E-80DF-A8088300C12A}.Debug|Any CPU.ActiveCfg = Debug|Any CPU
		{D49F825B-1BCC-4B0E-80DF-A8088300C12A}.Debug|Any CPU.Build.0 = Debug|Any CPU
		{D49F825B-1BCC-4B0E-80DF-A8088300C12A}.Release|Any CPU.ActiveCfg = Release|Any CPU
		{D49F825B-1BCC-4B0E-80DF-A8088300C12A}.Release|Any CPU.Build.0 = Release|Any CPU
		{642CB992-E0D3-49AA-8D51-569376B961B7}.Debug|Any CPU.ActiveCfg = Debug|Any CPU
		{642CB992-E0D3-49AA-8D51-569376B961B7}.Debug|Any CPU.Build.0 = Debug|Any CPU
		{642CB992-E0D3-49AA-8D51-569376B961B7}.Release|Any CPU.ActiveCfg = Release|Any CPU
		{642CB992-E0D3-49AA-8D51-569376B961B7}.Release|Any CPU.Build.0 = Release|Any CPU
		{973C22D7-0255-47DC-A5A0-CAED03E610E7}.Debug|Any CPU.ActiveCfg = Debug|Any CPU
		{973C22D7-0255-47DC-A5A0-CAED03E610E7}.Debug|Any CPU.Build.0 = Debug|Any CPU
		{973C22D7-0255-47DC-A5A0-CAED03E610E7}.Release|Any CPU.ActiveCfg = Release|Any CPU
		{973C22D7-0255-47DC-A5A0-CAED03E610E7}.Release|Any CPU.Build.0 = Release|Any CPU
		{9434BDAF-17D9-4675-AFA7-8D4A72191BAE}.Debug|Any CPU.ActiveCfg = Debug|Any CPU
		{9434BDAF-17D9-4675-AFA7-8D4A72191BAE}.Debug|Any CPU.Build.0 = Debug|Any CPU
		{9434BDAF-17D9-4675-AFA7-8D4A72191BAE}.Release|Any CPU.ActiveCfg = Release|Any CPU
		{9434BDAF-17D9-4675-AFA7-8D4A72191BAE}.Release|Any CPU.Build.0 = Release|Any CPU
		{87EC6062-BACA-4D15-9E0C-616CDCC21837}.Debug|Any CPU.ActiveCfg = Debug|Any CPU
		{87EC6062-BACA-4D15-9E0C-616CDCC21837}.Debug|Any CPU.Build.0 = Debug|Any CPU
		{87EC6062-BACA-4D15-9E0C-616CDCC21837}.Release|Any CPU.ActiveCfg = Release|Any CPU
		{87EC6062-BACA-4D15-9E0C-616CDCC21837}.Release|Any CPU.Build.0 = Release|Any CPU
		{6659E373-106D-4D33-AD95-2E79A22C7FCF}.Debug|Any CPU.ActiveCfg = Debug|Any CPU
		{6659E373-106D-4D33-AD95-2E79A22C7FCF}.Debug|Any CPU.Build.0 = Debug|Any CPU
		{6659E373-106D-4D33-AD95-2E79A22C7FCF}.Release|Any CPU.ActiveCfg = Release|Any CPU
		{6659E373-106D-4D33-AD95-2E79A22C7FCF}.Release|Any CPU.Build.0 = Release|Any CPU
		{47C4E063-23FF-4C29-BE5E-B14A18DFAB8A}.Debug|Any CPU.ActiveCfg = Debug|Any CPU
		{47C4E063-23FF-4C29-BE5E-B14A18DFAB8A}.Debug|Any CPU.Build.0 = Debug|Any CPU
		{47C4E063-23FF-4C29-BE5E-B14A18DFAB8A}.Release|Any CPU.ActiveCfg = Release|Any CPU
		{47C4E063-23FF-4C29-BE5E-B14A18DFAB8A}.Release|Any CPU.Build.0 = Release|Any CPU
		{38F9AC0D-6DAD-4F38-8FFA-31020364BEE5}.Debug|Any CPU.ActiveCfg = Debug|Any CPU
		{38F9AC0D-6DAD-4F38-8FFA-31020364BEE5}.Debug|Any CPU.Build.0 = Debug|Any CPU
		{38F9AC0D-6DAD-4F38-8FFA-31020364BEE5}.Release|Any CPU.ActiveCfg = Release|Any CPU
		{38F9AC0D-6DAD-4F38-8FFA-31020364BEE5}.Release|Any CPU.Build.0 = Release|Any CPU
		{0ABE5E6A-3F9B-414A-8300-577E217FCD45}.Debug|Any CPU.ActiveCfg = Debug|Any CPU
		{0ABE5E6A-3F9B-414A-8300-577E217FCD45}.Debug|Any CPU.Build.0 = Debug|Any CPU
		{0ABE5E6A-3F9B-414A-8300-577E217FCD45}.Release|Any CPU.ActiveCfg = Release|Any CPU
		{0ABE5E6A-3F9B-414A-8300-577E217FCD45}.Release|Any CPU.Build.0 = Release|Any CPU
		{F8212133-1B0C-455B-9755-1D3F60315261}.Debug|Any CPU.ActiveCfg = Debug|Any CPU
		{F8212133-1B0C-455B-9755-1D3F60315261}.Debug|Any CPU.Build.0 = Debug|Any CPU
		{F8212133-1B0C-455B-9755-1D3F60315261}.Release|Any CPU.ActiveCfg = Release|Any CPU
		{F8212133-1B0C-455B-9755-1D3F60315261}.Release|Any CPU.Build.0 = Release|Any CPU
	EndGlobalSection
	GlobalSection(SolutionProperties) = preSolution
		HideSolutionNode = FALSE
	EndGlobalSection
	GlobalSection(NestedProjects) = preSolution
		{D77D28C7-CB75-4CB3-8BB3-F9B0A654F91C} = {647C14F5-7DF2-4A77-9A20-421516BC3274}
		{80990289-E848-4EBB-AB0D-2CDD8B941EF0} = {FE345C39-62B0-4BD5-826C-8AD4C79D1654}
		{A056EAA9-9337-4181-AE01-863E42B42168} = {647C14F5-7DF2-4A77-9A20-421516BC3274}
		{E268CBDC-64BC-44C2-88D4-B68CE5CE4947} = {647C14F5-7DF2-4A77-9A20-421516BC3274}
		{D49F825B-1BCC-4B0E-80DF-A8088300C12A} = {647C14F5-7DF2-4A77-9A20-421516BC3274}
		{642CB992-E0D3-49AA-8D51-569376B961B7} = {FE345C39-62B0-4BD5-826C-8AD4C79D1654}
		{973C22D7-0255-47DC-A5A0-CAED03E610E7} = {FE345C39-62B0-4BD5-826C-8AD4C79D1654}
		{9434BDAF-17D9-4675-AFA7-8D4A72191BAE} = {71E8A7A2-E062-4B46-99E8-B37A3A49DBE8}
		{87EC6062-BACA-4D15-9E0C-616CDCC21837} = {647C14F5-7DF2-4A77-9A20-421516BC3274}
		{6659E373-106D-4D33-AD95-2E79A22C7FCF} = {FE345C39-62B0-4BD5-826C-8AD4C79D1654}
		{47C4E063-23FF-4C29-BE5E-B14A18DFAB8A} = {647C14F5-7DF2-4A77-9A20-421516BC3274}
		{38F9AC0D-6DAD-4F38-8FFA-31020364BEE5} = {647C14F5-7DF2-4A77-9A20-421516BC3274}
		{0ABE5E6A-3F9B-414A-8300-577E217FCD45} = {647C14F5-7DF2-4A77-9A20-421516BC3274}
		{F8212133-1B0C-455B-9755-1D3F60315261} = {647C14F5-7DF2-4A77-9A20-421516BC3274}
	EndGlobalSection
EndGlobal
