Microsoft Visual Studio Solution File, Format Version 12.00
# Visual Studio 15
VisualStudioVersion = 15.0.26730.16
MinimumVisualStudioVersion = 10.0.40219.1
Project("{2150E333-8FDC-42A3-9474-1A3956D46DE8}") = "Src", "Src", "{647C14F5-7DF2-4A77-9A20-421516BC3274}"
EndProject
Project("{2150E333-8FDC-42A3-9474-1A3956D46DE8}") = "Solution Items", "Solution Items", "{1131A871-9664-4F6A-A991-1B819A0E74A4}"
	ProjectSection(SolutionItems) = preProject
		.editorconfig = .editorconfig
		.gitignore = .gitignore
		appveyor.yml = appveyor.yml
		dir.props = dir.props
		nuget.config = nuget.config
		readme.md = readme.md
		version.props = version.props
	EndProjectSection
EndProject
Project("{9A19103F-16F7-4668-BE54-9A1E7A4F7556}") = "Filehook.Abstractions", "src\Filehook.Abstractions\Filehook.Abstractions.csproj", "{D77D28C7-CB75-4CB3-8BB3-F9B0A654F91C}"
EndProject
Project("{9A19103F-16F7-4668-BE54-9A1E7A4F7556}") = "Filehook.Storages.FileSystem", "src\Filehook.Storages.FileSystem\Filehook.Storages.FileSystem.csproj", "{A056EAA9-9337-4181-AE01-863E42B42168}"
EndProject
Project("{9A19103F-16F7-4668-BE54-9A1E7A4F7556}") = "Filehook.Proccessors.Image.Abstractions", "src\Filehook.Proccessors.Image.Abstractions\Filehook.Proccessors.Image.Abstractions.csproj", "{E268CBDC-64BC-44C2-88D4-B68CE5CE4947}"
EndProject
Project("{9A19103F-16F7-4668-BE54-9A1E7A4F7556}") = "Filehook.Core", "src\Filehook.Core\Filehook.Core.csproj", "{D49F825B-1BCC-4B0E-80DF-A8088300C12A}"
EndProject
Project("{2150E333-8FDC-42A3-9474-1A3956D46DE8}") = "Samples", "Samples", "{71E8A7A2-E062-4B46-99E8-B37A3A49DBE8}"
EndProject
Project("{9A19103F-16F7-4668-BE54-9A1E7A4F7556}") = "Filehook.Samples.AspNetCoreMvc", "sample\Filehook.Samples.AspNetCoreMvc\Filehook.Samples.AspNetCoreMvc.csproj", "{9434BDAF-17D9-4675-AFA7-8D4A72191BAE}"
EndProject
Project("{9A19103F-16F7-4668-BE54-9A1E7A4F7556}") = "Filehook.Proccessors.Image.ImageSharpProccessor", "src\Filehook.Proccessors.Image.ImageSharpProccessor\Filehook.Proccessors.Image.ImageSharpProccessor.csproj", "{87EC6062-BACA-4D15-9E0C-616CDCC21837}"
EndProject
Project("{9A19103F-16F7-4668-BE54-9A1E7A4F7556}") = "Filehook.AspNetCore.Http", "src\Filehook.AspNetCore.Http\Filehook.AspNetCore.Http.csproj", "{47C4E063-23FF-4C29-BE5E-B14A18DFAB8A}"
EndProject
Project("{9A19103F-16F7-4668-BE54-9A1E7A4F7556}") = "Filehook", "src\Filehook\Filehook.csproj", "{38F9AC0D-6DAD-4F38-8FFA-31020364BEE5}"
EndProject
Project("{9A19103F-16F7-4668-BE54-9A1E7A4F7556}") = "Filehook.DataAnnotations", "src\Filehook.DataAnnotations\Filehook.DataAnnotations.csproj", "{0ABE5E6A-3F9B-414A-8300-577E217FCD45}"
EndProject
Project("{9A19103F-16F7-4668-BE54-9A1E7A4F7556}") = "Filehook.Storages.S3", "src\Filehook.Storages.S3\Filehook.Storages.S3.csproj", "{F8212133-1B0C-455B-9755-1D3F60315261}"
EndProject
Project("{9A19103F-16F7-4668-BE54-9A1E7A4F7556}") = "Filehook.DataAnnotations.Abstractions", "src\Filehook.DataAnnotations.Abstractions\Filehook.DataAnnotations.Abstractions.csproj", "{81F7BEC6-D17C-4233-92AF-17E9686B0B6F}"
EndProject
Project("{9A19103F-16F7-4668-BE54-9A1E7A4F7556}") = "Filehook.Metadata", "src\Filehook.Metadata\Filehook.Metadata.csproj", "{F3D7C4F5-3D45-4567-8996-D5D7E7C1F6AE}"
EndProject
Project("{9A19103F-16F7-4668-BE54-9A1E7A4F7556}") = "Filehook.Storages.Ssh", "src\Filehook.Storages.Ssh\Filehook.Storages.Ssh.csproj", "{6E94BFD0-5BE7-4664-87C8-98B93D5BC3CF}"
EndProject
Project("{9A19103F-16F7-4668-BE54-9A1E7A4F7556}") = "Filehook.Extensions.EntityFrameworkCore", "src\Filehook.Extensions.EntityFrameworkCore\Filehook.Extensions.EntityFrameworkCore.csproj", "{3A1E313A-9DD4-49B7-9C93-E37522375F48}"
EndProject
Global
	GlobalSection(SolutionConfigurationPlatforms) = preSolution
		Debug|Any CPU = Debug|Any CPU
		Release|Any CPU = Release|Any CPU
	EndGlobalSection
	GlobalSection(ProjectConfigurationPlatforms) = postSolution
		{D77D28C7-CB75-4CB3-8BB3-F9B0A654F91C}.Debug|Any CPU.ActiveCfg = Debug|Any CPU
		{D77D28C7-CB75-4CB3-8BB3-F9B0A654F91C}.Debug|Any CPU.Build.0 = Debug|Any CPU
		{D77D28C7-CB75-4CB3-8BB3-F9B0A654F91C}.Release|Any CPU.ActiveCfg = Release|Any CPU
		{D77D28C7-CB75-4CB3-8BB3-F9B0A654F91C}.Release|Any CPU.Build.0 = Release|Any CPU
		{A056EAA9-9337-4181-AE01-863E42B42168}.Debug|Any CPU.ActiveCfg = Debug|Any CPU
		{A056EAA9-9337-4181-AE01-863E42B42168}.Debug|Any CPU.Build.0 = Debug|Any CPU
		{A056EAA9-9337-4181-AE01-863E42B42168}.Release|Any CPU.ActiveCfg = Release|Any CPU
		{A056EAA9-9337-4181-AE01-863E42B42168}.Release|Any CPU.Build.0 = Release|Any CPU
		{E268CBDC-64BC-44C2-88D4-B68CE5CE4947}.Debug|Any CPU.ActiveCfg = Debug|Any CPU
		{E268CBDC-64BC-44C2-88D4-B68CE5CE4947}.Debug|Any CPU.Build.0 = Debug|Any CPU
		{E268CBDC-64BC-44C2-88D4-B68CE5CE4947}.Release|Any CPU.ActiveCfg = Release|Any CPU
		{E268CBDC-64BC-44C2-88D4-B68CE5CE4947}.Release|Any CPU.Build.0 = Release|Any CPU
		{D49F825B-1BCC-4B0E-80DF-A8088300C12A}.Debug|Any CPU.ActiveCfg = Debug|Any CPU
		{D49F825B-1BCC-4B0E-80DF-A8088300C12A}.Debug|Any CPU.Build.0 = Debug|Any CPU
		{D49F825B-1BCC-4B0E-80DF-A8088300C12A}.Release|Any CPU.ActiveCfg = Release|Any CPU
		{D49F825B-1BCC-4B0E-80DF-A8088300C12A}.Release|Any CPU.Build.0 = Release|Any CPU
		{9434BDAF-17D9-4675-AFA7-8D4A72191BAE}.Debug|Any CPU.ActiveCfg = Debug|Any CPU
		{9434BDAF-17D9-4675-AFA7-8D4A72191BAE}.Debug|Any CPU.Build.0 = Debug|Any CPU
		{9434BDAF-17D9-4675-AFA7-8D4A72191BAE}.Release|Any CPU.ActiveCfg = Release|Any CPU
		{9434BDAF-17D9-4675-AFA7-8D4A72191BAE}.Release|Any CPU.Build.0 = Release|Any CPU
		{87EC6062-BACA-4D15-9E0C-616CDCC21837}.Debug|Any CPU.ActiveCfg = Debug|Any CPU
		{87EC6062-BACA-4D15-9E0C-616CDCC21837}.Debug|Any CPU.Build.0 = Debug|Any CPU
		{87EC6062-BACA-4D15-9E0C-616CDCC21837}.Release|Any CPU.ActiveCfg = Release|Any CPU
		{87EC6062-BACA-4D15-9E0C-616CDCC21837}.Release|Any CPU.Build.0 = Release|Any CPU
		{47C4E063-23FF-4C29-BE5E-B14A18DFAB8A}.Debug|Any CPU.ActiveCfg = Debug|Any CPU
		{47C4E063-23FF-4C29-BE5E-B14A18DFAB8A}.Debug|Any CPU.Build.0 = Debug|Any CPU
		{47C4E063-23FF-4C29-BE5E-B14A18DFAB8A}.Release|Any CPU.ActiveCfg = Release|Any CPU
		{47C4E063-23FF-4C29-BE5E-B14A18DFAB8A}.Release|Any CPU.Build.0 = Release|Any CPU
		{38F9AC0D-6DAD-4F38-8FFA-31020364BEE5}.Debug|Any CPU.ActiveCfg = Debug|Any CPU
		{38F9AC0D-6DAD-4F38-8FFA-31020364BEE5}.Debug|Any CPU.Build.0 = Debug|Any CPU
		{38F9AC0D-6DAD-4F38-8FFA-31020364BEE5}.Release|Any CPU.ActiveCfg = Release|Any CPU
		{38F9AC0D-6DAD-4F38-8FFA-31020364BEE5}.Release|Any CPU.Build.0 = Release|Any CPU
		{0ABE5E6A-3F9B-414A-8300-577E217FCD45}.Debug|Any CPU.ActiveCfg = Debug|Any CPU
		{0ABE5E6A-3F9B-414A-8300-577E217FCD45}.Debug|Any CPU.Build.0 = Debug|Any CPU
		{0ABE5E6A-3F9B-414A-8300-577E217FCD45}.Release|Any CPU.ActiveCfg = Release|Any CPU
		{0ABE5E6A-3F9B-414A-8300-577E217FCD45}.Release|Any CPU.Build.0 = Release|Any CPU
		{F8212133-1B0C-455B-9755-1D3F60315261}.Debug|Any CPU.ActiveCfg = Debug|Any CPU
		{F8212133-1B0C-455B-9755-1D3F60315261}.Debug|Any CPU.Build.0 = Debug|Any CPU
		{F8212133-1B0C-455B-9755-1D3F60315261}.Release|Any CPU.ActiveCfg = Release|Any CPU
		{F8212133-1B0C-455B-9755-1D3F60315261}.Release|Any CPU.Build.0 = Release|Any CPU
		{81F7BEC6-D17C-4233-92AF-17E9686B0B6F}.Debug|Any CPU.ActiveCfg = Debug|Any CPU
		{81F7BEC6-D17C-4233-92AF-17E9686B0B6F}.Debug|Any CPU.Build.0 = Debug|Any CPU
		{81F7BEC6-D17C-4233-92AF-17E9686B0B6F}.Release|Any CPU.ActiveCfg = Release|Any CPU
		{81F7BEC6-D17C-4233-92AF-17E9686B0B6F}.Release|Any CPU.Build.0 = Release|Any CPU
		{F3D7C4F5-3D45-4567-8996-D5D7E7C1F6AE}.Debug|Any CPU.ActiveCfg = Debug|Any CPU
		{F3D7C4F5-3D45-4567-8996-D5D7E7C1F6AE}.Debug|Any CPU.Build.0 = Debug|Any CPU
		{F3D7C4F5-3D45-4567-8996-D5D7E7C1F6AE}.Release|Any CPU.ActiveCfg = Release|Any CPU
		{F3D7C4F5-3D45-4567-8996-D5D7E7C1F6AE}.Release|Any CPU.Build.0 = Release|Any CPU
		{6E94BFD0-5BE7-4664-87C8-98B93D5BC3CF}.Debug|Any CPU.ActiveCfg = Debug|Any CPU
		{6E94BFD0-5BE7-4664-87C8-98B93D5BC3CF}.Debug|Any CPU.Build.0 = Debug|Any CPU
		{6E94BFD0-5BE7-4664-87C8-98B93D5BC3CF}.Release|Any CPU.ActiveCfg = Release|Any CPU
		{6E94BFD0-5BE7-4664-87C8-98B93D5BC3CF}.Release|Any CPU.Build.0 = Release|Any CPU
		{3A1E313A-9DD4-49B7-9C93-E37522375F48}.Debug|Any CPU.ActiveCfg = Debug|Any CPU
		{3A1E313A-9DD4-49B7-9C93-E37522375F48}.Debug|Any CPU.Build.0 = Debug|Any CPU
		{3A1E313A-9DD4-49B7-9C93-E37522375F48}.Release|Any CPU.ActiveCfg = Release|Any CPU
		{3A1E313A-9DD4-49B7-9C93-E37522375F48}.Release|Any CPU.Build.0 = Release|Any CPU
	EndGlobalSection
	GlobalSection(SolutionProperties) = preSolution
		HideSolutionNode = FALSE
	EndGlobalSection
	GlobalSection(NestedProjects) = preSolution
		{D77D28C7-CB75-4CB3-8BB3-F9B0A654F91C} = {647C14F5-7DF2-4A77-9A20-421516BC3274}
		{A056EAA9-9337-4181-AE01-863E42B42168} = {647C14F5-7DF2-4A77-9A20-421516BC3274}
		{E268CBDC-64BC-44C2-88D4-B68CE5CE4947} = {647C14F5-7DF2-4A77-9A20-421516BC3274}
		{D49F825B-1BCC-4B0E-80DF-A8088300C12A} = {647C14F5-7DF2-4A77-9A20-421516BC3274}
		{9434BDAF-17D9-4675-AFA7-8D4A72191BAE} = {71E8A7A2-E062-4B46-99E8-B37A3A49DBE8}
		{87EC6062-BACA-4D15-9E0C-616CDCC21837} = {647C14F5-7DF2-4A77-9A20-421516BC3274}
		{47C4E063-23FF-4C29-BE5E-B14A18DFAB8A} = {647C14F5-7DF2-4A77-9A20-421516BC3274}
		{38F9AC0D-6DAD-4F38-8FFA-31020364BEE5} = {647C14F5-7DF2-4A77-9A20-421516BC3274}
		{0ABE5E6A-3F9B-414A-8300-577E217FCD45} = {647C14F5-7DF2-4A77-9A20-421516BC3274}
		{F8212133-1B0C-455B-9755-1D3F60315261} = {647C14F5-7DF2-4A77-9A20-421516BC3274}
		{81F7BEC6-D17C-4233-92AF-17E9686B0B6F} = {647C14F5-7DF2-4A77-9A20-421516BC3274}
		{F3D7C4F5-3D45-4567-8996-D5D7E7C1F6AE} = {647C14F5-7DF2-4A77-9A20-421516BC3274}
		{6E94BFD0-5BE7-4664-87C8-98B93D5BC3CF} = {647C14F5-7DF2-4A77-9A20-421516BC3274}
		{3A1E313A-9DD4-49B7-9C93-E37522375F48} = {647C14F5-7DF2-4A77-9A20-421516BC3274}
	EndGlobalSection
	GlobalSection(ExtensibilityGlobals) = postSolution
		SolutionGuid = {825AF119-5D16-467C-AB8F-EC8F16A77B66}
	EndGlobalSection
EndGlobal
